
Microsoft Visual Studio Solution File, Format Version 12.00
# Visual Studio 15
Project("{FAE04EC0-301F-11D3-BF4B-00C04F79EFBC}") = "ProjetoVerao", "ProjetoVerao\ProjetoVerao.csproj", "{EF9B365D-81C9-437D-BDCD-4738AFFFE6C0}"
EndProject
Project("{FAE04EC0-301F-11D3-BF4B-00C04F79EFBC}") = "ProjetoVeraoAPI", "ProjetoVeraoAPI\ProjetoVeraoAPI.csproj", "{AA19CE59-22BC-418B-BC17-56D0C2B4D6E4}"
EndProject
Global
	GlobalSection(SolutionConfigurationPlatforms) = preSolution
		Debug|Any CPU = Debug|Any CPU
		Release|Any CPU = Release|Any CPU
	EndGlobalSection
	GlobalSection(ProjectConfigurationPlatforms) = postSolution
		{EF9B365D-81C9-437D-BDCD-4738AFFFE6C0}.Debug|Any CPU.ActiveCfg = Debug|Any CPU
		{EF9B365D-81C9-437D-BDCD-4738AFFFE6C0}.Debug|Any CPU.Build.0 = Debug|Any CPU
		{EF9B365D-81C9-437D-BDCD-4738AFFFE6C0}.Release|Any CPU.ActiveCfg = Release|Any CPU
		{EF9B365D-81C9-437D-BDCD-4738AFFFE6C0}.Release|Any CPU.Build.0 = Release|Any CPU
		{AA19CE59-22BC-418B-BC17-56D0C2B4D6E4}.Debug|Any CPU.ActiveCfg = Debug|Any CPU
		{AA19CE59-22BC-418B-BC17-56D0C2B4D6E4}.Debug|Any CPU.Build.0 = Debug|Any CPU
		{AA19CE59-22BC-418B-BC17-56D0C2B4D6E4}.Release|Any CPU.ActiveCfg = Release|Any CPU
		{AA19CE59-22BC-418B-BC17-56D0C2B4D6E4}.Release|Any CPU.Build.0 = Release|Any CPU
	EndGlobalSection
EndGlobal
